
Microsoft Visual Studio Solution File, Format Version 12.00
# Visual Studio Version 16
VisualStudioVersion = 16.0.31624.102
MinimumVisualStudioVersion = 10.0.40219.1
Project("{8BC9CEB8-8B4A-11D0-8D11-00A0C91BC942}") = "Free", "Free\Free.vcxproj", "{28079560-CEB1-4F12-A559-4FC783531CE3}"
EndProject
Project("{8BC9CEB8-8B4A-11D0-8D11-00A0C91BC942}") = "Yam", "Yam\Yam.vcxproj", "{C84587AE-4D4B-43A4-8A9C-AB8AA9444D01}"
EndProject
Project("{8BC9CEB8-8B4A-11D0-8D11-00A0C91BC942}") = "glfw", "glfw\build\src\glfw.vcxproj", "{B6DAEE4E-121D-3365-A991-5D9EC609BA7A}"
EndProject
Global
	GlobalSection(SolutionConfigurationPlatforms) = preSolution
		Debug|x64 = Debug|x64
		MinSizeRel|x64 = MinSizeRel|x64
		Release|x64 = Release|x64
		RelWithDebInfo|x64 = RelWithDebInfo|x64
	EndGlobalSection
	GlobalSection(ProjectConfigurationPlatforms) = postSolution
		{28079560-CEB1-4F12-A559-4FC783531CE3}.Debug|x64.ActiveCfg = Debug|x64
		{28079560-CEB1-4F12-A559-4FC783531CE3}.Debug|x64.Build.0 = Debug|x64
		{28079560-CEB1-4F12-A559-4FC783531CE3}.MinSizeRel|x64.ActiveCfg = Debug|x64
		{28079560-CEB1-4F12-A559-4FC783531CE3}.MinSizeRel|x64.Build.0 = Debug|x64
		{28079560-CEB1-4F12-A559-4FC783531CE3}.Release|x64.ActiveCfg = Release|x64
		{28079560-CEB1-4F12-A559-4FC783531CE3}.Release|x64.Build.0 = Release|x64
		{28079560-CEB1-4F12-A559-4FC783531CE3}.RelWithDebInfo|x64.ActiveCfg = Release|x64
		{28079560-CEB1-4F12-A559-4FC783531CE3}.RelWithDebInfo|x64.Build.0 = Release|x64
		{C84587AE-4D4B-43A4-8A9C-AB8AA9444D01}.Debug|x64.ActiveCfg = Debug|x64
		{C84587AE-4D4B-43A4-8A9C-AB8AA9444D01}.Debug|x64.Build.0 = Debug|x64
		{C84587AE-4D4B-43A4-8A9C-AB8AA9444D01}.MinSizeRel|x64.ActiveCfg = Debug|x64
		{C84587AE-4D4B-43A4-8A9C-AB8AA9444D01}.MinSizeRel|x64.Build.0 = Debug|x64
		{C84587AE-4D4B-43A4-8A9C-AB8AA9444D01}.Release|x64.ActiveCfg = Release|x64
		{C84587AE-4D4B-43A4-8A9C-AB8AA9444D01}.Release|x64.Build.0 = Release|x64
		{C84587AE-4D4B-43A4-8A9C-AB8AA9444D01}.RelWithDebInfo|x64.ActiveCfg = Release|x64
		{C84587AE-4D4B-43A4-8A9C-AB8AA9444D01}.RelWithDebInfo|x64.Build.0 = Release|x64
		{B6DAEE4E-121D-3365-A991-5D9EC609BA7A}.Debug|x64.ActiveCfg = Debug|x64
		{B6DAEE4E-121D-3365-A991-5D9EC609BA7A}.Debug|x64.Build.0 = Debug|x64
		{B6DAEE4E-121D-3365-A991-5D9EC609BA7A}.MinSizeRel|x64.ActiveCfg = MinSizeRel|x64
		{B6DAEE4E-121D-3365-A991-5D9EC609BA7A}.MinSizeRel|x64.Build.0 = MinSizeRel|x64
		{B6DAEE4E-121D-3365-A991-5D9EC609BA7A}.Release|x64.ActiveCfg = Release|x64
		{B6DAEE4E-121D-3365-A991-5D9EC609BA7A}.Release|x64.Build.0 = Release|x64
		{B6DAEE4E-121D-3365-A991-5D9EC609BA7A}.RelWithDebInfo|x64.ActiveCfg = RelWithDebInfo|x64
		{B6DAEE4E-121D-3365-A991-5D9EC609BA7A}.RelWithDebInfo|x64.Build.0 = RelWithDebInfo|x64
	EndGlobalSection
	GlobalSection(SolutionProperties) = preSolution
		HideSolutionNode = FALSE
	EndGlobalSection
	GlobalSection(ExtensibilityGlobals) = postSolution
		SolutionGuid = {DBD5B485-8A3D-4B60-B366-486760146093}
	EndGlobalSection
EndGlobal
